
Microsoft Visual Studio Solution File, Format Version 12.00
# Visual Studio Version 16
VisualStudioVersion = 16.0.29326.143
MinimumVisualStudioVersion = 10.0.40219.1
Project("{9A19103F-16F7-4668-BE54-9A1E7A4F7556}") = "LibOrbisPkg.Core", "LibOrbisPkg.Core\LibOrbisPkg.Core.csproj", "{DA387D16-5ADB-4D8E-8B6C-B53BA6DCEF78}"
EndProject
Project("{9A19103F-16F7-4668-BE54-9A1E7A4F7556}") = "PkgTool.Core", "PkgTool.Core\PkgTool.Core.csproj", "{296B3186-3C4A-490B-B33F-76BF62953020}"
EndProject
Global
	GlobalSection(SolutionConfigurationPlatforms) = preSolution
		Debug|Any CPU = Debug|Any CPU
		Release|Any CPU = Release|Any CPU
	EndGlobalSection
	GlobalSection(ProjectConfigurationPlatforms) = postSolution
		{DA387D16-5ADB-4D8E-8B6C-B53BA6DCEF78}.Debug|Any CPU.ActiveCfg = Debug|Any CPU
		{DA387D16-5ADB-4D8E-8B6C-B53BA6DCEF78}.Debug|Any CPU.Build.0 = Debug|Any CPU
		{DA387D16-5ADB-4D8E-8B6C-B53BA6DCEF78}.Release|Any CPU.ActiveCfg = Release|Any CPU
		{DA387D16-5ADB-4D8E-8B6C-B53BA6DCEF78}.Release|Any CPU.Build.0 = Release|Any CPU
		{296B3186-3C4A-490B-B33F-76BF62953020}.Debug|Any CPU.ActiveCfg = Debug|Any CPU
		{296B3186-3C4A-490B-B33F-76BF62953020}.Debug|Any CPU.Build.0 = Debug|Any CPU
		{296B3186-3C4A-490B-B33F-76BF62953020}.Release|Any CPU.ActiveCfg = Release|Any CPU
		{296B3186-3C4A-490B-B33F-76BF62953020}.Release|Any CPU.Build.0 = Release|Any CPU
	EndGlobalSection
	GlobalSection(SolutionProperties) = preSolution
		HideSolutionNode = FALSE
	EndGlobalSection
	GlobalSection(ExtensibilityGlobals) = postSolution
		SolutionGuid = {C8FE18B1-9D06-4955-95C8-430BD68892DB}
	EndGlobalSection
EndGlobal
